
Microsoft Visual Studio Solution File, Format Version 12.00
# Visual Studio Version 17
VisualStudioVersion = 17.6.33723.286
MinimumVisualStudioVersion = 10.0.40219.1
Project("{FAE04EC0-301F-11D3-BF4B-00C04F79EFBC}") = "exercise", "exercise\exercise.csproj", "{473E49D9-03E6-4C88-B70C-71CC42F9A7AB}"
EndProject
Global
	GlobalSection(SolutionConfigurationPlatforms) = preSolution
		Debug|Any CPU = Debug|Any CPU
		Release|Any CPU = Release|Any CPU
	EndGlobalSection
	GlobalSection(ProjectConfigurationPlatforms) = postSolution
		{473E49D9-03E6-4C88-B70C-71CC42F9A7AB}.Debug|Any CPU.ActiveCfg = Debug|Any CPU
		{473E49D9-03E6-4C88-B70C-71CC42F9A7AB}.Debug|Any CPU.Build.0 = Debug|Any CPU
		{473E49D9-03E6-4C88-B70C-71CC42F9A7AB}.Release|Any CPU.ActiveCfg = Release|Any CPU
		{473E49D9-03E6-4C88-B70C-71CC42F9A7AB}.Release|Any CPU.Build.0 = Release|Any CPU
	EndGlobalSection
	GlobalSection(SolutionProperties) = preSolution
		HideSolutionNode = FALSE
	EndGlobalSection
	GlobalSection(ExtensibilityGlobals) = postSolution
		SolutionGuid = {77927B9B-0280-4EF6-B578-496E62AA9602}
	EndGlobalSection
EndGlobal
